
Microsoft Visual Studio Solution File, Format Version 12.00
# Visual Studio Version 17
VisualStudioVersion = 17.10.35122.118
MinimumVisualStudioVersion = 10.0.40219.1
Project("{8BC9CEB8-8B4A-11D0-8D11-00A0C91BC942}") = "AISoldierGenerator", "AISoldierGenerator\AISoldierGenerator.vcxproj", "{AA24AC91-0AF5-4054-B7AA-D9B3EDE5B68B}"
EndProject
Global
	GlobalSection(SolutionConfigurationPlatforms) = preSolution
		Debug|x64 = Debug|x64
		Debug|x86 = Debug|x86
		Release|x64 = Release|x64
		Release|x86 = Release|x86
	EndGlobalSection
	GlobalSection(ProjectConfigurationPlatforms) = postSolution
		{AA24AC91-0AF5-4054-B7AA-D9B3EDE5B68B}.Debug|x64.ActiveCfg = Debug|x64
		{AA24AC91-0AF5-4054-B7AA-D9B3EDE5B68B}.Debug|x64.Build.0 = Debug|x64
		{AA24AC91-0AF5-4054-B7AA-D9B3EDE5B68B}.Debug|x86.ActiveCfg = Debug|Win32
		{AA24AC91-0AF5-4054-B7AA-D9B3EDE5B68B}.Debug|x86.Build.0 = Debug|Win32
		{AA24AC91-0AF5-4054-B7AA-D9B3EDE5B68B}.Release|x64.ActiveCfg = Release|x64
		{AA24AC91-0AF5-4054-B7AA-D9B3EDE5B68B}.Release|x64.Build.0 = Release|x64
		{AA24AC91-0AF5-4054-B7AA-D9B3EDE5B68B}.Release|x86.ActiveCfg = Release|Win32
		{AA24AC91-0AF5-4054-B7AA-D9B3EDE5B68B}.Release|x86.Build.0 = Release|Win32
	EndGlobalSection
	GlobalSection(SolutionProperties) = preSolution
		HideSolutionNode = FALSE
	EndGlobalSection
	GlobalSection(ExtensibilityGlobals) = postSolution
		SolutionGuid = {44243C91-4049-4047-B686-0A8095C2DFF1}
	EndGlobalSection
EndGlobal
