<?xml version="1.0" encoding="utf-8"?>
<Project ToolsVersion="4.0" xmlns="http://schemas.microsoft.com/developer/msbuild/2003">
  <ItemGroup>
    <Filter Include="Source Files">
      <UniqueIdentifier>{4FC737F1-C7A5-4376-A066-2A32D752A2FF}</UniqueIdentifier>
      <Extensions>cpp;c;cc;cxx;c++;cppm;ixx;def;odl;idl;hpj;bat;asm;asmx</Extensions>
    </Filter>
    <Filter Include="Header Files">
      <UniqueIdentifier>{93995380-89BD-4b04-88EB-625FBE52EBFB}</UniqueIdentifier>
      <Extensions>h;hh;hpp;hxx;h++;hm;inl;inc;ipp;xsd</Extensions>
    </Filter>
    <Filter Include="Resource Files">
      <UniqueIdentifier>{67DA6AB6-F800-4c08-8B7A-83BB121AAD01}</UniqueIdentifier>
      <Extensions>rc;ico;cur;bmp;dlg;rc2;rct;bin;rgs;gif;jpg;jpeg;jpe;resx;tiff;tif;png;wav;mfcribbon-ms</Extensions>
    </Filter>
  </ItemGroup>
  <ItemGroup>
    <ClCompile Include="AISoldierGenerator.cpp">
      <Filter>Source Files</Filter>
    </ClCompile>
    <ClCompile Include="SoldierObject.cpp">
      <Filter>Source Files</Filter>
    </ClCompile>
    <ClCompile Include="SoldiersFactory.cpp">
      <Filter>Source Files</Filter>
    </ClCompile>
    <ClCompile Include="HandleSoldiers.cpp">
      <Filter>Source Files</Filter>
    </ClCompile>
    <ClCompile Include="Player.cpp">
      <Filter>Source Files</Filter>
    </ClCompile>
    <ClCompile Include="Grid.cpp">
      <Filter>Source Files</Filter>
    </ClCompile>
    <ClCompile Include="GameManager.cpp">
      <Filter>Source Files</Filter>
    </ClCompile>
    <ClCompile Include="GreenBeret.cpp">
      <Filter>Source Files</Filter>
    </ClCompile>
    <ClCompile Include="Marine.cpp">
      <Filter>Source Files</Filter>
    </ClCompile>
    <ClCompile Include="Sniper.cpp">
      <Filter>Source Files</Filter>
    </ClCompile>
    <ClCompile Include="Spy.cpp">
      <Filter>Source Files</Filter>
    </ClCompile>
    <ClCompile Include="GreenBeretFactory.cpp">
      <Filter>Source Files</Filter>
    </ClCompile>
    <ClCompile Include="MarineFactory.cpp">
      <Filter>Source Files</Filter>
    </ClCompile>
    <ClCompile Include="SniperFactory.cpp">
      <Filter>Source Files</Filter>
    </ClCompile>
    <ClCompile Include="SpyFactory.cpp">
      <Filter>Source Files</Filter>
    </ClCompile>
    <ClCompile Include="Props.cpp">
      <Filter>Source Files</Filter>
    </ClCompile>
    <ClCompile Include="ArmorBooster.cpp">
      <Filter>Source Files</Filter>
    </ClCompile>
    <ClCompile Include="AttackBooster.cpp">
      <Filter>Source Files</Filter>
    </ClCompile>
    <ClCompile Include="HandleProps.cpp">
      <Filter>Source Files</Filter>
    </ClCompile>
    <ClCompile Include="HealthBooster.cpp">
      <Filter>Source Files</Filter>
    </ClCompile>
    <ClCompile Include="PropsFactory.cpp">
      <Filter>Source Files</Filter>
    </ClCompile>
  </ItemGroup>
  <ItemGroup>
    <ClInclude Include="SoldierObject.h">
      <Filter>Header Files</Filter>
    </ClInclude>
    <ClInclude Include="SoldiersFactory.h">
      <Filter>Header Files</Filter>
    </ClInclude>
    <ClInclude Include="HandleSoldiers.h">
      <Filter>Header Files</Filter>
    </ClInclude>
    <ClInclude Include="Player.h">
      <Filter>Header Files</Filter>
    </ClInclude>
    <ClInclude Include="Grid.h">
      <Filter>Header Files</Filter>
    </ClInclude>
    <ClInclude Include="GameManager.h">
      <Filter>Header Files</Filter>
    </ClInclude>
    <ClInclude Include="GreenBeret.h">
      <Filter>Header Files</Filter>
    </ClInclude>
    <ClInclude Include="Marine.h">
      <Filter>Header Files</Filter>
    </ClInclude>
    <ClInclude Include="Sniper.h">
      <Filter>Header Files</Filter>
    </ClInclude>
    <ClInclude Include="Spy.h">
      <Filter>Header Files</Filter>
    </ClInclude>
    <ClInclude Include="GreenBeretFactory.h">
      <Filter>Header Files</Filter>
    </ClInclude>
    <ClInclude Include="MarineFactory.h">
      <Filter>Header Files</Filter>
    </ClInclude>
    <ClInclude Include="SniperFactory.h">
      <Filter>Header Files</Filter>
    </ClInclude>
    <ClInclude Include="SpyFactory.h">
      <Filter>Header Files</Filter>
    </ClInclude>
    <ClInclude Include="Props.h">
      <Filter>Header Files</Filter>
    </ClInclude>
    <ClInclude Include="ArmorBooster.h">
      <Filter>Header Files</Filter>
    </ClInclude>
    <ClInclude Include="AttackBooster.h">
      <Filter>Header Files</Filter>
    </ClInclude>
    <ClInclude Include="HandleProps.h">
      <Filter>Header Files</Filter>
    </ClInclude>
    <ClInclude Include="HealthBooster.h">
      <Filter>Header Files</Filter>
    </ClInclude>
    <ClInclude Include="PropsFactory.h">
      <Filter>Header Files</Filter>
    </ClInclude>
  </ItemGroup>
</Project>